// !$*UTF8*$!
{
	archiveVersion = 1;
	classes = {
	};
	objectVersion = 50;
	objects = {

/* Begin PBXBuildFile section */
		5D35902F24EEB16800847DBC /* AppDelegate.swift in Sources */ = {isa = PBXBuildFile; fileRef = 5D35902E24EEB16800847DBC /* AppDelegate.swift */; };
		5D35903124EEB16800847DBC /* SceneDelegate.swift in Sources */ = {isa = PBXBuildFile; fileRef = 5D35903024EEB16800847DBC /* SceneDelegate.swift */; };
		5D35903324EEB16800847DBC /* AddBirthdayViewController.swift in Sources */ = {isa = PBXBuildFile; fileRef = 5D35903224EEB16800847DBC /* AddBirthdayViewController.swift */; };
		5D35903624EEB16800847DBC /* Main.storyboard in Resources */ = {isa = PBXBuildFile; fileRef = 5D35903424EEB16800847DBC /* Main.storyboard */; };
		5D35903924EEB16800847DBC /* birthday_tracker.xcdatamodeld in Sources */ = {isa = PBXBuildFile; fileRef = 5D35903724EEB16800847DBC /* birthday_tracker.xcdatamodeld */; };
		5D35903B24EEB16900847DBC /* Assets.xcassets in Resources */ = {isa = PBXBuildFile; fileRef = 5D35903A24EEB16900847DBC /* Assets.xcassets */; };
		5D35903E24EEB16900847DBC /* LaunchScreen.storyboard in Resources */ = {isa = PBXBuildFile; fileRef = 5D35903C24EEB16900847DBC /* LaunchScreen.storyboard */; };
		5D7FDD3224F97E9600191D16 /* BirthdaysTableViewController.swift in Sources */ = {isa = PBXBuildFile; fileRef = 5D7FDD3124F97E9600191D16 /* BirthdaysTableViewController.swift */; };
/* End PBXBuildFile section */

/* Begin PBXFileReference section */
		5D35902B24EEB16800847DBC /* Birthdays.app */ = {isa = PBXFileReference; explicitFileType = wrapper.application; includeInIndex = 0; path = Birthdays.app; sourceTree = BUILT_PRODUCTS_DIR; };
		5D35902E24EEB16800847DBC /* AppDelegate.swift */ = {isa = PBXFileReference; lastKnownFileType = sourcecode.swift; path = AppDelegate.swift; sourceTree = "<group>"; };
		5D35903024EEB16800847DBC /* SceneDelegate.swift */ = {isa = PBXFileReference; lastKnownFileType = sourcecode.swift; path = SceneDelegate.swift; sourceTree = "<group>"; };
		5D35903224EEB16800847DBC /* AddBirthdayViewController.swift */ = {isa = PBXFileReference; lastKnownFileType = sourcecode.swift; path = AddBirthdayViewController.swift; sourceTree = "<group>"; };
		5D35903524EEB16800847DBC /* Base */ = {isa = PBXFileReference; lastKnownFileType = file.storyboard; name = Base; path = Base.lproj/Main.storyboard; sourceTree = "<group>"; };
		5D35903824EEB16800847DBC /* birthday_tracker.xcdatamodel */ = {isa = PBXFileReference; lastKnownFileType = wrapper.xcdatamodel; path = birthday_tracker.xcdatamodel; sourceTree = "<group>"; };
		5D35903A24EEB16900847DBC /* Assets.xcassets */ = {isa = PBXFileReference; lastKnownFileType = folder.assetcatalog; path = Assets.xcassets; sourceTree = "<group>"; };
		5D35903D24EEB16900847DBC /* Base */ = {isa = PBXFileReference; lastKnownFileType = file.storyboard; name = Base; path = Base.lproj/LaunchScreen.storyboard; sourceTree = "<group>"; };
		5D35903F24EEB16900847DBC /* Info.plist */ = {isa = PBXFileReference; lastKnownFileType = text.plist.xml; path = Info.plist; sourceTree = "<group>"; };
		5D7FDD3124F97E9600191D16 /* BirthdaysTableViewController.swift */ = {isa = PBXFileReference; lastKnownFileType = sourcecode.swift; path = BirthdaysTableViewController.swift; sourceTree = "<group>"; };
/* End PBXFileReference section */

/* Begin PBXFrameworksBuildPhase section */
		5D35902824EEB16800847DBC /* Frameworks */ = {
			isa = PBXFrameworksBuildPhase;
			buildActionMask = 2147483647;
			files = (
			);
			runOnlyForDeploymentPostprocessing = 0;
		};
/* End PBXFrameworksBuildPhase section */

/* Begin PBXGroup section */
		5D35902224EEB16800847DBC = {
			isa = PBXGroup;
			children = (
				5D35902D24EEB16800847DBC /* birthday tracker */,
				5D35902C24EEB16800847DBC /* Products */,
			);
			sourceTree = "<group>";
		};
		5D35902C24EEB16800847DBC /* Products */ = {
			isa = PBXGroup;
			children = (
				5D35902B24EEB16800847DBC /* Birthdays.app */,
			);
			name = Products;
			sourceTree = "<group>";
		};
		5D35902D24EEB16800847DBC /* birthday tracker */ = {
			isa = PBXGroup;
			children = (
				5D35902E24EEB16800847DBC /* AppDelegate.swift */,
				5D35903024EEB16800847DBC /* SceneDelegate.swift */,
				5D35903224EEB16800847DBC /* AddBirthdayViewController.swift */,
				5D35903424EEB16800847DBC /* Main.storyboard */,
				5D35903A24EEB16900847DBC /* Assets.xcassets */,
				5D35903C24EEB16900847DBC /* LaunchScreen.storyboard */,
				5D35903F24EEB16900847DBC /* Info.plist */,
				5D35903724EEB16800847DBC /* birthday_tracker.xcdatamodeld */,
				5D7FDD3124F97E9600191D16 /* BirthdaysTableViewController.swift */,
			);
			path = "birthday tracker";
			sourceTree = "<group>";
		};
/* End PBXGroup section */

/* Begin PBXNativeTarget section */
		5D35902A24EEB16800847DBC /* birthday tracker */ = {
			isa = PBXNativeTarget;
			buildConfigurationList = 5D35904224EEB16900847DBC /* Build configuration list for PBXNativeTarget "birthday tracker" */;
			buildPhases = (
				5D35902724EEB16800847DBC /* Sources */,
				5D35902824EEB16800847DBC /* Frameworks */,
				5D35902924EEB16800847DBC /* Resources */,
			);
			buildRules = (
			);
			dependencies = (
			);
			name = "birthday tracker";
			productName = "birthday tracker";
			productReference = 5D35902B24EEB16800847DBC /* Birthdays.app */;
			productType = "com.apple.product-type.application";
		};
/* End PBXNativeTarget section */

/* Begin PBXProject section */
		5D35902324EEB16800847DBC /* Project object */ = {
			isa = PBXProject;
			attributes = {
				LastSwiftUpdateCheck = 1160;
				LastUpgradeCheck = 1160;
				ORGANIZATIONNAME = "Анастасия Гаранович";
				TargetAttributes = {
					5D35902A24EEB16800847DBC = {
						CreatedOnToolsVersion = 11.6;
					};
				};
			};
			buildConfigurationList = 5D35902624EEB16800847DBC /* Build configuration list for PBXProject "birthday tracker" */;
			compatibilityVersion = "Xcode 9.3";
			developmentRegion = en;
			hasScannedForEncodings = 0;
			knownRegions = (
				en,
				Base,
			);
			mainGroup = 5D35902224EEB16800847DBC;
			productRefGroup = 5D35902C24EEB16800847DBC /* Products */;
			projectDirPath = "";
			projectRoot = "";
			targets = (
				5D35902A24EEB16800847DBC /* birthday tracker */,
			);
		};
/* End PBXProject section */

/* Begin PBXResourcesBuildPhase section */
		5D35902924EEB16800847DBC /* Resources */ = {
			isa = PBXResourcesBuildPhase;
			buildActionMask = 2147483647;
			files = (
				5D35903E24EEB16900847DBC /* LaunchScreen.storyboard in Resources */,
				5D35903B24EEB16900847DBC /* Assets.xcassets in Resources */,
				5D35903624EEB16800847DBC /* Main.storyboard in Resources */,
			);
			runOnlyForDeploymentPostprocessing = 0;
		};
/* End PBXResourcesBuildPhase section */

/* Begin PBXSourcesBuildPhase section */
		5D35902724EEB16800847DBC /* Sources */ = {
			isa = PBXSourcesBuildPhase;
			buildActionMask = 2147483647;
			files = (
				5D7FDD3224F97E9600191D16 /* BirthdaysTableViewController.swift in Sources */,
				5D35903324EEB16800847DBC /* AddBirthdayViewController.swift in Sources */,
				5D35902F24EEB16800847DBC /* AppDelegate.swift in Sources */,
				5D35903124EEB16800847DBC /* SceneDelegate.swift in Sources */,
				5D35903924EEB16800847DBC /* birthday_tracker.xcdatamodeld in Sources */,
			);
			runOnlyForDeploymentPostprocessing = 0;
		};
/* End PBXSourcesBuildPhase section */

/* Begin PBXVariantGroup section */
		5D35903424EEB16800847DBC /* Main.storyboard */ = {
			isa = PBXVariantGroup;
			children = (
				5D35903524EEB16800847DBC /* Base */,
			);
			name = Main.storyboard;
			sourceTree = "<group>";
		};
		5D35903C24EEB16900847DBC /* LaunchScreen.storyboard */ = {
			isa = PBXVariantGroup;
			children = (
				5D35903D24EEB16900847DBC /* Base */,
			);
			name = LaunchScreen.storyboard;
			sourceTree = "<group>";
		};
/* End PBXVariantGroup section */

/* Begin XCBuildConfiguration section */
		5D35904024EEB16900847DBC /* Debug */ = {
			isa = XCBuildConfiguration;
			buildSettings = {
				ALWAYS_SEARCH_USER_PATHS = NO;
				CLANG_ANALYZER_NONNULL = YES;
				CLANG_ANALYZER_NUMBER_OBJECT_CONVERSION = YES_AGGRESSIVE;
				CLANG_CXX_LANGUAGE_STANDARD = "gnu++14";
				CLANG_CXX_LIBRARY = "libc++";
				CLANG_ENABLE_MODULES = YES;
				CLANG_ENABLE_OBJC_ARC = YES;
				CLANG_ENABLE_OBJC_WEAK = YES;
				CLANG_WARN_BLOCK_CAPTURE_AUTORELEASING = YES;
				CLANG_WARN_BOOL_CONVERSION = YES;
				CLANG_WARN_COMMA = YES;
				CLANG_WARN_CONSTANT_CONVERSION = YES;
				CLANG_WARN_DEPRECATED_OBJC_IMPLEMENTATIONS = YES;
				CLANG_WARN_DIRECT_OBJC_ISA_USAGE = YES_ERROR;
				CLANG_WARN_DOCUMENTATION_COMMENTS = YES;
				CLANG_WARN_EMPTY_BODY = YES;
				CLANG_WARN_ENUM_CONVERSION = YES;
				CLANG_WARN_INFINITE_RECURSION = YES;
				CLANG_WARN_INT_CONVERSION = YES;
				CLANG_WARN_NON_LITERAL_NULL_CONVERSION = YES;
				CLANG_WARN_OBJC_IMPLICIT_RETAIN_SELF = YES;
				CLANG_WARN_OBJC_LITERAL_CONVERSION = YES;
				CLANG_WARN_OBJC_ROOT_CLASS = YES_ERROR;
				CLANG_WARN_RANGE_LOOP_ANALYSIS = YES;
				CLANG_WARN_STRICT_PROTOTYPES = YES;
				CLANG_WARN_SUSPICIOUS_MOVE = YES;
				CLANG_WARN_UNGUARDED_AVAILABILITY = YES_AGGRESSIVE;
				CLANG_WARN_UNREACHABLE_CODE = YES;
				CLANG_WARN__DUPLICATE_METHOD_MATCH = YES;
				COPY_PHASE_STRIP = NO;
				DEBUG_INFORMATION_FORMAT = dwarf;
				ENABLE_STRICT_OBJC_MSGSEND = YES;
				ENABLE_TESTABILITY = YES;
				GCC_C_LANGUAGE_STANDARD = gnu11;
				GCC_DYNAMIC_NO_PIC = NO;
				GCC_NO_COMMON_BLOCKS = YES;
				GCC_OPTIMIZATION_LEVEL = 0;
				GCC_PREPROCESSOR_DEFINITIONS = (
					"DEBUG=1",
					"$(inherited)",
				);
				GCC_WARN_64_TO_32_BIT_CONVERSION = YES;
				GCC_WARN_ABOUT_RETURN_TYPE = YES_ERROR;
				GCC_WARN_UNDECLARED_SELECTOR = YES;
				GCC_WARN_UNINITIALIZED_AUTOS = YES_AGGRESSIVE;
				GCC_WARN_UNUSED_FUNCTION = YES;
				GCC_WARN_UNUSED_VARIABLE = YES;
				IPHONEOS_DEPLOYMENT_TARGET = 13.6;
				MTL_ENABLE_DEBUG_INFO = INCLUDE_SOURCE;
				MTL_FAST_MATH = YES;
				ONLY_ACTIVE_ARCH = YES;
				SDKROOT = iphoneos;
				SWIFT_ACTIVE_COMPILATION_CONDITIONS = DEBUG;
				SWIFT_OPTIMIZATION_LEVEL = "-Onone";
			};
			name = Debug;
		};
		5D35904124EEB16900847DBC /* Release */ = {
			isa = XCBuildConfiguration;
			buildSettings = {
				ALWAYS_SEARCH_USER_PATHS = NO;
				CLANG_ANALYZER_NONNULL = YES;
				CLANG_ANALYZER_NUMBER_OBJECT_CONVERSION = YES_AGGRESSIVE;
				CLANG_CXX_LANGUAGE_STANDARD = "gnu++14";
				CLANG_CXX_LIBRARY = "libc++";
				CLANG_ENABLE_MODULES = YES;
				CLANG_ENABLE_OBJC_ARC = YES;
				CLANG_ENABLE_OBJC_WEAK = YES;
				CLANG_WARN_BLOCK_CAPTURE_AUTORELEASING = YES;
				CLANG_WARN_BOOL_CONVERSION = YES;
				CLANG_WARN_COMMA = YES;
				CLANG_WARN_CONSTANT_CONVERSION = YES;
				CLANG_WARN_DEPRECATED_OBJC_IMPLEMENTATIONS = YES;
				CLANG_WARN_DIRECT_OBJC_ISA_USAGE = YES_ERROR;
				CLANG_WARN_DOCUMENTATION_COMMENTS = YES;
				CLANG_WARN_EMPTY_BODY = YES;
				CLANG_WARN_ENUM_CONVERSION = YES;
				CLANG_WARN_INFINITE_RECURSION = YES;
				CLANG_WARN_INT_CONVERSION = YES;
				CLANG_WARN_NON_LITERAL_NULL_CONVERSION = YES;
				CLANG_WARN_OBJC_IMPLICIT_RETAIN_SELF = YES;
				CLANG_WARN_OBJC_LITERAL_CONVERSION = YES;
				CLANG_WARN_OBJC_ROOT_CLASS = YES_ERROR;
				CLANG_WARN_RANGE_LOOP_ANALYSIS = YES;
				CLANG_WARN_STRICT_PROTOTYPES = YES;
				CLANG_WARN_SUSPICIOUS_MOVE = YES;
				CLANG_WARN_UNGUARDED_AVAILABILITY = YES_AGGRESSIVE;
				CLANG_WARN_UNREACHABLE_CODE = YES;
				CLANG_WARN__DUPLICATE_METHOD_MATCH = YES;
				COPY_PHASE_STRIP = NO;
				DEBUG_INFORMATION_FORMAT = "dwarf-with-dsym";
				ENABLE_NS_ASSERTIONS = NO;
				ENABLE_STRICT_OBJC_MSGSEND = YES;
				GCC_C_LANGUAGE_STANDARD = gnu11;
				GCC_NO_COMMON_BLOCKS = YES;
				GCC_WARN_64_TO_32_BIT_CONVERSION = YES;
				GCC_WARN_ABOUT_RETURN_TYPE = YES_ERROR;
				GCC_WARN_UNDECLARED_SELECTOR = YES;
				GCC_WARN_UNINITIALIZED_AUTOS = YES_AGGRESSIVE;
				GCC_WARN_UNUSED_FUNCTION = YES;
				GCC_WARN_UNUSED_VARIABLE = YES;
				IPHONEOS_DEPLOYMENT_TARGET = 13.6;
				MTL_ENABLE_DEBUG_INFO = NO;
				MTL_FAST_MATH = YES;
				SDKROOT = iphoneos;
				SWIFT_COMPILATION_MODE = wholemodule;
				SWIFT_OPTIMIZATION_LEVEL = "-O";
				VALIDATE_PRODUCT = YES;
			};
			name = Release;
		};
		5D35904324EEB16900847DBC /* Debug */ = {
			isa = XCBuildConfiguration;
			buildSettings = {
				ASSETCATALOG_COMPILER_APPICON_NAME = AppIcon;
				CODE_SIGN_STYLE = Automatic;
				INFOPLIST_FILE = "birthday tracker/Info.plist";
				LD_RUNPATH_SEARCH_PATHS = (
					"$(inherited)",
					"@executable_path/Frameworks",
				);
				PRODUCT_BUNDLE_IDENTIFIER = "f.birthday-tracker";
				PRODUCT_NAME = Birthdays;
				SWIFT_VERSION = 5.0;
				TARGETED_DEVICE_FAMILY = "1,2";
			};
			name = Debug;
		};
		5D35904424EEB16900847DBC /* Release */ = {
			isa = XCBuildConfiguration;
			buildSettings = {
				ASSETCATALOG_COMPILER_APPICON_NAME = AppIcon;
				CODE_SIGN_STYLE = Automatic;
				INFOPLIST_FILE = "birthday tracker/Info.plist";
				LD_RUNPATH_SEARCH_PATHS = (
					"$(inherited)",
					"@executable_path/Frameworks",
				);
				PRODUCT_BUNDLE_IDENTIFIER = "f.birthday-tracker";
				PRODUCT_NAME = Birthdays;
				SWIFT_VERSION = 5.0;
				TARGETED_DEVICE_FAMILY = "1,2";
			};
			name = Release;
		};
/* End XCBuildConfiguration section */

/* Begin XCConfigurationList section */
		5D35902624EEB16800847DBC /* Build configuration list for PBXProject "birthday tracker" */ = {
			isa = XCConfigurationList;
			buildConfigurations = (
				5D35904024EEB16900847DBC /* Debug */,
				5D35904124EEB16900847DBC /* Release */,
			);
			defaultConfigurationIsVisible = 0;
			defaultConfigurationName = Release;
		};
		5D35904224EEB16900847DBC /* Build configuration list for PBXNativeTarget "birthday tracker" */ = {
			isa = XCConfigurationList;
			buildConfigurations = (
				5D35904324EEB16900847DBC /* Debug */,
				5D35904424EEB16900847DBC /* Release */,
			);
			defaultConfigurationIsVisible = 0;
			defaultConfigurationName = Release;
		};
/* End XCConfigurationList section */

/* Begin XCVersionGroup section */
		5D35903724EEB16800847DBC /* birthday_tracker.xcdatamodeld */ = {
			isa = XCVersionGroup;
			children = (
				5D35903824EEB16800847DBC /* birthday_tracker.xcdatamodel */,
			);
			currentVersion = 5D35903824EEB16800847DBC /* birthday_tracker.xcdatamodel */;
			path = birthday_tracker.xcdatamodeld;
			sourceTree = "<group>";
			versionGroupType = wrapper.xcdatamodel;
		};
/* End XCVersionGroup section */
	};
	rootObject = 5D35902324EEB16800847DBC /* Project object */;
}
